
Microsoft Visual Studio Solution File, Format Version 12.00
# Visual Studio 15
Project("{FAE04EC0-301F-11D3-BF4B-00C04F79EFBC}") = "Assembly-CSharp", "Assembly-CSharp.csproj", "{7F1F84C1-FAC0-C153-6C3B-91255CBBEC17}"
EndProject
Project("{FAE04EC0-301F-11D3-BF4B-00C04F79EFBC}") = "SteamVR", "SteamVR.csproj", "{F84355C2-252F-56E3-DAF4-9744E85CE046}"
EndProject
Project("{FAE04EC0-301F-11D3-BF4B-00C04F79EFBC}") = "SteamVR_Actions", "SteamVR_Actions.csproj", "{01AAB795-5857-8C5F-3BE5-2C372EAE67B0}"
EndProject
Project("{FAE04EC0-301F-11D3-BF4B-00C04F79EFBC}") = "SteamVR_Editor", "SteamVR_Editor.csproj", "{F2AAD8C2-37A6-8473-CE44-AA59BE28F2D4}"
EndProject
Project("{FAE04EC0-301F-11D3-BF4B-00C04F79EFBC}") = "SteamVR_Input_Editor", "SteamVR_Input_Editor.csproj", "{AF69FC6C-9131-5D79-D59D-9D77A200C289}"
EndProject
Project("{FAE04EC0-301F-11D3-BF4B-00C04F79EFBC}") = "SteamVR_Windows_EditorHelper", "SteamVR_Windows_EditorHelper.csproj", "{A29DA91E-AB7D-BF5E-DC25-DC1B7E61D37E}"
EndProject
Global
	GlobalSection(SolutionConfigurationPlatforms) = preSolution
		Debug|Any CPU = Debug|Any CPU
		Release|Any CPU = Release|Any CPU
	EndGlobalSection
	GlobalSection(ProjectConfigurationPlatforms) = postSolution
		{7F1F84C1-FAC0-C153-6C3B-91255CBBEC17}.Debug|Any CPU.ActiveCfg = Debug|Any CPU
		{7F1F84C1-FAC0-C153-6C3B-91255CBBEC17}.Debug|Any CPU.Build.0 = Debug|Any CPU
		{7F1F84C1-FAC0-C153-6C3B-91255CBBEC17}.Release|Any CPU.ActiveCfg = Release|Any CPU
		{7F1F84C1-FAC0-C153-6C3B-91255CBBEC17}.Release|Any CPU.Build.0 = Release|Any CPU
		{F84355C2-252F-56E3-DAF4-9744E85CE046}.Debug|Any CPU.ActiveCfg = Debug|Any CPU
		{F84355C2-252F-56E3-DAF4-9744E85CE046}.Debug|Any CPU.Build.0 = Debug|Any CPU
		{F84355C2-252F-56E3-DAF4-9744E85CE046}.Release|Any CPU.ActiveCfg = Release|Any CPU
		{F84355C2-252F-56E3-DAF4-9744E85CE046}.Release|Any CPU.Build.0 = Release|Any CPU
		{01AAB795-5857-8C5F-3BE5-2C372EAE67B0}.Debug|Any CPU.ActiveCfg = Debug|Any CPU
		{01AAB795-5857-8C5F-3BE5-2C372EAE67B0}.Debug|Any CPU.Build.0 = Debug|Any CPU
		{01AAB795-5857-8C5F-3BE5-2C372EAE67B0}.Release|Any CPU.ActiveCfg = Release|Any CPU
		{01AAB795-5857-8C5F-3BE5-2C372EAE67B0}.Release|Any CPU.Build.0 = Release|Any CPU
		{F2AAD8C2-37A6-8473-CE44-AA59BE28F2D4}.Debug|Any CPU.ActiveCfg = Debug|Any CPU
		{F2AAD8C2-37A6-8473-CE44-AA59BE28F2D4}.Debug|Any CPU.Build.0 = Debug|Any CPU
		{F2AAD8C2-37A6-8473-CE44-AA59BE28F2D4}.Release|Any CPU.ActiveCfg = Release|Any CPU
		{F2AAD8C2-37A6-8473-CE44-AA59BE28F2D4}.Release|Any CPU.Build.0 = Release|Any CPU
		{AF69FC6C-9131-5D79-D59D-9D77A200C289}.Debug|Any CPU.ActiveCfg = Debug|Any CPU
		{AF69FC6C-9131-5D79-D59D-9D77A200C289}.Debug|Any CPU.Build.0 = Debug|Any CPU
		{AF69FC6C-9131-5D79-D59D-9D77A200C289}.Release|Any CPU.ActiveCfg = Release|Any CPU
		{AF69FC6C-9131-5D79-D59D-9D77A200C289}.Release|Any CPU.Build.0 = Release|Any CPU
		{A29DA91E-AB7D-BF5E-DC25-DC1B7E61D37E}.Debug|Any CPU.ActiveCfg = Debug|Any CPU
		{A29DA91E-AB7D-BF5E-DC25-DC1B7E61D37E}.Debug|Any CPU.Build.0 = Debug|Any CPU
		{A29DA91E-AB7D-BF5E-DC25-DC1B7E61D37E}.Release|Any CPU.ActiveCfg = Release|Any CPU
		{A29DA91E-AB7D-BF5E-DC25-DC1B7E61D37E}.Release|Any CPU.Build.0 = Release|Any CPU
	EndGlobalSection
	GlobalSection(SolutionProperties) = preSolution
		HideSolutionNode = FALSE
	EndGlobalSection
EndGlobal
